
Microsoft Visual Studio Solution File, Format Version 12.00
# Visual Studio Version 17
VisualStudioVersion = 17.4.33927.135
MinimumVisualStudioVersion = 10.0.40219.1
Project("{2150E333-8FDC-42A3-9474-1A3956D46DE8}") = "Solution Items", "Solution Items", "{8AE0565A-0CEA-4878-B0C1-8BA0F3A98FCD}"
	ProjectSection(SolutionItems) = preProject
		.editorconfig = .editorconfig
		README.md = README.md
	EndProjectSection
EndProject
Project("{9A19103F-16F7-4668-BE54-9A1E7A4F7556}") = "CustomCode Tests", "CustomCode Tests\CustomCode Tests.csproj", "{62B6E7B2-7E00-4FC0-8803-4046E797DED1}"
EndProject
Project("{9A19103F-16F7-4668-BE54-9A1E7A4F7556}") = "CustomConnector", "CustomConnector\CustomConnector.msbuildproj", "{F8FE52F6-70B4-484E-8C06-98DA08CC7DE5}"
EndProject
Global
	GlobalSection(SolutionConfigurationPlatforms) = preSolution
		Debug|Any CPU = Debug|Any CPU
		Release|Any CPU = Release|Any CPU
	EndGlobalSection
	GlobalSection(ProjectConfigurationPlatforms) = postSolution
		{62B6E7B2-7E00-4FC0-8803-4046E797DED1}.Debug|Any CPU.ActiveCfg = Debug|Any CPU
		{62B6E7B2-7E00-4FC0-8803-4046E797DED1}.Debug|Any CPU.Build.0 = Debug|Any CPU
		{62B6E7B2-7E00-4FC0-8803-4046E797DED1}.Release|Any CPU.ActiveCfg = Release|Any CPU
		{62B6E7B2-7E00-4FC0-8803-4046E797DED1}.Release|Any CPU.Build.0 = Release|Any CPU
		{F8FE52F6-70B4-484E-8C06-98DA08CC7DE5}.Debug|Any CPU.ActiveCfg = Debug|Any CPU
		{F8FE52F6-70B4-484E-8C06-98DA08CC7DE5}.Debug|Any CPU.Build.0 = Debug|Any CPU
		{F8FE52F6-70B4-484E-8C06-98DA08CC7DE5}.Release|Any CPU.ActiveCfg = Release|Any CPU
		{F8FE52F6-70B4-484E-8C06-98DA08CC7DE5}.Release|Any CPU.Build.0 = Release|Any CPU
	EndGlobalSection
	GlobalSection(SolutionProperties) = preSolution
		HideSolutionNode = FALSE
	EndGlobalSection
	GlobalSection(ExtensibilityGlobals) = postSolution
		SolutionGuid = {0D43717C-2560-48CD-90F7-30572CEFF54C}
	EndGlobalSection
EndGlobal
